{
  "version": 4,
  "terraform_version": "1.2.2",
  "serial": 10,
  "lineage": "36fdce7d-467a-8917-6a6f-f2a75f4126a1",
  "outputs": {},
  "resources": [
    {
      "mode": "managed",
      "type": "aws_codecommit_repository",
      "name": "catPipeline-CodeCommit3",
      "provider": "provider[\"registry.terraform.io/hashicorp/aws\"]",
      "instances": [
        {
          "schema_version": 0,
          "attributes": {
            "arn": "arn:aws:codecommit:us-east-2:519284387875:catPipeline-CodeCommit3",
            "clone_url_http": "https://git-codecommit.us-east-2.amazonaws.com/v1/repos/catPipeline-CodeCommit3",
            "clone_url_ssh": "ssh://git-codecommit.us-east-2.amazonaws.com/v1/repos/catPipeline-CodeCommit3",
            "default_branch": null,
            "description": "This time, we're doing it with Terraform!",
            "id": "catPipeline-CodeCommit3",
            "repository_id": "9cd55277-3dd6-4e99-a311-d0dabf0aaa0a",
            "repository_name": "catPipeline-CodeCommit3",
            "tags": null,
            "tags_all": {}
          },
          "sensitive_attributes": [],
          "private": "bnVsbA=="
        }
      ]
    }
  ]
}
